
Microsoft Visual Studio Solution File, Format Version 12.00
# Visual Studio 15
VisualStudioVersion = 15.0.27428.2002
MinimumVisualStudioVersion = 10.0.40219.1
Project("{FAE04EC0-301F-11D3-BF4B-00C04F79EFBC}") = "MvcCookieAuthSample", "MvcCookieAuthSample\MvcCookieAuthSample.csproj", "{962FDB6C-A068-4403-B36E-91329F45019F}"
EndProject
Global
	GlobalSection(SolutionConfigurationPlatforms) = preSolution
		Debug|Any CPU = Debug|Any CPU
		Release|Any CPU = Release|Any CPU
	EndGlobalSection
	GlobalSection(ProjectConfigurationPlatforms) = postSolution
		{962FDB6C-A068-4403-B36E-91329F45019F}.Debug|Any CPU.ActiveCfg = Debug|Any CPU
		{962FDB6C-A068-4403-B36E-91329F45019F}.Debug|Any CPU.Build.0 = Debug|Any CPU
		{962FDB6C-A068-4403-B36E-91329F45019F}.Release|Any CPU.ActiveCfg = Release|Any CPU
		{962FDB6C-A068-4403-B36E-91329F45019F}.Release|Any CPU.Build.0 = Release|Any CPU
	EndGlobalSection
	GlobalSection(SolutionProperties) = preSolution
		HideSolutionNode = FALSE
	EndGlobalSection
	GlobalSection(ExtensibilityGlobals) = postSolution
		SolutionGuid = {00C9DF97-497E-479B-95D3-AC0429910BA0}
	EndGlobalSection
EndGlobal
