
Microsoft Visual Studio Solution File, Format Version 12.00
# Visual Studio 15
VisualStudioVersion = 15.0.27428.2037
MinimumVisualStudioVersion = 10.0.40219.1
Project("{9A19103F-16F7-4668-BE54-9A1E7A4F7556}") = "User.Api", "User.Api\User.Api.csproj", "{24CB957C-67EA-4768-B5D6-883D44F4FE7D}"
EndProject
Global
	GlobalSection(SolutionConfigurationPlatforms) = preSolution
		Debug|Any CPU = Debug|Any CPU
		Release|Any CPU = Release|Any CPU
	EndGlobalSection
	GlobalSection(ProjectConfigurationPlatforms) = postSolution
		{24CB957C-67EA-4768-B5D6-883D44F4FE7D}.Debug|Any CPU.ActiveCfg = Debug|Any CPU
		{24CB957C-67EA-4768-B5D6-883D44F4FE7D}.Debug|Any CPU.Build.0 = Debug|Any CPU
		{24CB957C-67EA-4768-B5D6-883D44F4FE7D}.Release|Any CPU.ActiveCfg = Release|Any CPU
		{24CB957C-67EA-4768-B5D6-883D44F4FE7D}.Release|Any CPU.Build.0 = Release|Any CPU
	EndGlobalSection
	GlobalSection(SolutionProperties) = preSolution
		HideSolutionNode = FALSE
	EndGlobalSection
	GlobalSection(ExtensibilityGlobals) = postSolution
		SolutionGuid = {6CD87832-78DF-4E1A-AA27-4331EECAE018}
	EndGlobalSection
EndGlobal
